
Microsoft Visual Studio Solution File, Format Version 12.00
# Visual Studio Version 17
VisualStudioVersion = 17.5.33627.172
MinimumVisualStudioVersion = 10.0.40219.1
Project("{9A19103F-16F7-4668-BE54-9A1E7A4F7556}") = "CoffeeShopSample", "CoffeeShopSample\CoffeeShopSample.csproj", "{8148DA56-4B21-4935-B3FA-62AC2DAA4845}"
EndProject
Global
	GlobalSection(SolutionConfigurationPlatforms) = preSolution
		Debug|Any CPU = Debug|Any CPU
		Release|Any CPU = Release|Any CPU
	EndGlobalSection
	GlobalSection(ProjectConfigurationPlatforms) = postSolution
		{8148DA56-4B21-4935-B3FA-62AC2DAA4845}.Debug|Any CPU.ActiveCfg = Debug|Any CPU
		{8148DA56-4B21-4935-B3FA-62AC2DAA4845}.Debug|Any CPU.Build.0 = Debug|Any CPU
		{8148DA56-4B21-4935-B3FA-62AC2DAA4845}.Release|Any CPU.ActiveCfg = Release|Any CPU
		{8148DA56-4B21-4935-B3FA-62AC2DAA4845}.Release|Any CPU.Build.0 = Release|Any CPU
	EndGlobalSection
	GlobalSection(SolutionProperties) = preSolution
		HideSolutionNode = FALSE
	EndGlobalSection
	GlobalSection(ExtensibilityGlobals) = postSolution
		SolutionGuid = {3B01FCDC-BED5-45F2-8F18-E7058FF4717B}
	EndGlobalSection
EndGlobal
